
Microsoft Visual Studio Solution File, Format Version 12.00
# Visual Studio 15
VisualStudioVersion = 15.0.26206.0
MinimumVisualStudioVersion = 10.0.40219.1
Project("{D954291E-2A0B-460D-934E-DC6B0785DB48}") = "Cnblogs", "Cnblogs\Cnblogs\Cnblogs.shproj", "{84A0EE4C-4E78-49A3-9862-25AB028D9025}"
EndProject
Project("{FAE04EC0-301F-11D3-BF4B-00C04F79EFBC}") = "Cnblogs.Droid", "Cnblogs\Cnblogs.Droid\Cnblogs.Droid.csproj", "{0AFA3AC8-6F40-4B1D-A340-08AD52F90659}"
EndProject
Project("{FAE04EC0-301F-11D3-BF4B-00C04F79EFBC}") = "Cnblogs.iOS", "Cnblogs\Cnblogs.iOS\Cnblogs.iOS.csproj", "{1673C194-B80F-42A9-BE1A-90F4D207007E}"
EndProject
Project("{FAE04EC0-301F-11D3-BF4B-00C04F79EFBC}") = "Cnblogs.UWP", "Cnblogs\Cnblogs.UWP\Cnblogs.UWP.csproj", "{76CF8F89-3F4E-4396-B760-D8A200C14BAD}"
EndProject
Project("{2150E333-8FDC-42A3-9474-1A3956D46DE8}") = "Native", "Native", "{75B53164-61D9-4C87-ABFE-E8A20039AF3F}"
EndProject
Project("{D954291E-2A0B-460D-934E-DC6B0785DB48}") = "Cnblogs.Native", "Native\Cnblogs.Native\Cnblogs.Native\Cnblogs.Native.shproj", "{68900E09-083F-4F3C-8B35-1332FF9DE079}"
EndProject
Project("{FAE04EC0-301F-11D3-BF4B-00C04F79EFBC}") = "Cnblogs.Native.Droid", "Native\Cnblogs.Native\Cnblogs.Native.Droid\Cnblogs.Native.Droid.csproj", "{71134BF0-51E8-440D-8E2A-329DD05E9097}"
EndProject
Project("{FAE04EC0-301F-11D3-BF4B-00C04F79EFBC}") = "Cnblogs.Native.iOS", "Native\Cnblogs.Native\Cnblogs.Native.iOS\Cnblogs.Native.iOS.csproj", "{801C031D-18F9-4430-A0AA-73A48E571295}"
EndProject
Project("{FAE04EC0-301F-11D3-BF4B-00C04F79EFBC}") = "Cnblogs.Native.UWP", "Native\Cnblogs.Native\Cnblogs.Native.UWP\Cnblogs.Native.UWP.csproj", "{0E75EF27-2B13-408A-BACB-C8BC2CC81219}"
EndProject
Global
	GlobalSection(SharedMSBuildProjectFiles) = preSolution
		Cnblogs\Cnblogs\App96.projitems*{0afa3ac8-6f40-4b1d-a340-08ad52f90659}*SharedItemsImports = 4
		Cnblogs\Cnblogs\App96.projitems*{1673c194-b80f-42a9-be1a-90f4d207007e}*SharedItemsImports = 4
		Native\Cnblogs.Native\Cnblogs.Native\Cnblogs.Native.projitems*{68900e09-083f-4f3c-8b35-1332ff9de079}*SharedItemsImports = 13
		Cnblogs\Cnblogs\App96.projitems*{76cf8f89-3f4e-4396-b760-d8a200c14bad}*SharedItemsImports = 4
		Native\Cnblogs.Native\Cnblogs.Native\Cnblogs.Native.projitems*{801c031d-18f9-4430-a0aa-73a48e571295}*SharedItemsImports = 4
		Cnblogs\Cnblogs\App96.projitems*{84a0ee4c-4e78-49a3-9862-25ab028d9025}*SharedItemsImports = 13
	EndGlobalSection
	GlobalSection(SolutionConfigurationPlatforms) = preSolution
		Debug|Any CPU = Debug|Any CPU
		Debug|ARM = Debug|ARM
		Debug|iPhone = Debug|iPhone
		Debug|iPhoneSimulator = Debug|iPhoneSimulator
		Debug|x64 = Debug|x64
		Debug|x86 = Debug|x86
		Release|Any CPU = Release|Any CPU
		Release|ARM = Release|ARM
		Release|iPhone = Release|iPhone
		Release|iPhoneSimulator = Release|iPhoneSimulator
		Release|x64 = Release|x64
		Release|x86 = Release|x86
	EndGlobalSection
	GlobalSection(ProjectConfigurationPlatforms) = postSolution
		{0AFA3AC8-6F40-4B1D-A340-08AD52F90659}.Debug|Any CPU.ActiveCfg = Debug|Any CPU
		{0AFA3AC8-6F40-4B1D-A340-08AD52F90659}.Debug|Any CPU.Build.0 = Debug|Any CPU
		{0AFA3AC8-6F40-4B1D-A340-08AD52F90659}.Debug|Any CPU.Deploy.0 = Debug|Any CPU
		{0AFA3AC8-6F40-4B1D-A340-08AD52F90659}.Debug|ARM.ActiveCfg = Debug|Any CPU
		{0AFA3AC8-6F40-4B1D-A340-08AD52F90659}.Debug|ARM.Build.0 = Debug|Any CPU
		{0AFA3AC8-6F40-4B1D-A340-08AD52F90659}.Debug|ARM.Deploy.0 = Debug|Any CPU
		{0AFA3AC8-6F40-4B1D-A340-08AD52F90659}.Debug|iPhone.ActiveCfg = Debug|Any CPU
		{0AFA3AC8-6F40-4B1D-A340-08AD52F90659}.Debug|iPhone.Build.0 = Debug|Any CPU
		{0AFA3AC8-6F40-4B1D-A340-08AD52F90659}.Debug|iPhone.Deploy.0 = Debug|Any CPU
		{0AFA3AC8-6F40-4B1D-A340-08AD52F90659}.Debug|iPhoneSimulator.ActiveCfg = Debug|Any CPU
		{0AFA3AC8-6F40-4B1D-A340-08AD52F90659}.Debug|iPhoneSimulator.Build.0 = Debug|Any CPU
		{0AFA3AC8-6F40-4B1D-A340-08AD52F90659}.Debug|iPhoneSimulator.Deploy.0 = Debug|Any CPU
		{0AFA3AC8-6F40-4B1D-A340-08AD52F90659}.Debug|x64.ActiveCfg = Debug|Any CPU
		{0AFA3AC8-6F40-4B1D-A340-08AD52F90659}.Debug|x64.Build.0 = Debug|Any CPU
		{0AFA3AC8-6F40-4B1D-A340-08AD52F90659}.Debug|x64.Deploy.0 = Debug|Any CPU
		{0AFA3AC8-6F40-4B1D-A340-08AD52F90659}.Debug|x86.ActiveCfg = Debug|Any CPU
		{0AFA3AC8-6F40-4B1D-A340-08AD52F90659}.Debug|x86.Build.0 = Debug|Any CPU
		{0AFA3AC8-6F40-4B1D-A340-08AD52F90659}.Debug|x86.Deploy.0 = Debug|Any CPU
		{0AFA3AC8-6F40-4B1D-A340-08AD52F90659}.Release|Any CPU.ActiveCfg = Release|Any CPU
		{0AFA3AC8-6F40-4B1D-A340-08AD52F90659}.Release|Any CPU.Build.0 = Release|Any CPU
		{0AFA3AC8-6F40-4B1D-A340-08AD52F90659}.Release|Any CPU.Deploy.0 = Release|Any CPU
		{0AFA3AC8-6F40-4B1D-A340-08AD52F90659}.Release|ARM.ActiveCfg = Release|Any CPU
		{0AFA3AC8-6F40-4B1D-A340-08AD52F90659}.Release|ARM.Build.0 = Release|Any CPU
		{0AFA3AC8-6F40-4B1D-A340-08AD52F90659}.Release|ARM.Deploy.0 = Release|Any CPU
		{0AFA3AC8-6F40-4B1D-A340-08AD52F90659}.Release|iPhone.ActiveCfg = Release|Any CPU
		{0AFA3AC8-6F40-4B1D-A340-08AD52F90659}.Release|iPhone.Build.0 = Release|Any CPU
		{0AFA3AC8-6F40-4B1D-A340-08AD52F90659}.Release|iPhone.Deploy.0 = Release|Any CPU
		{0AFA3AC8-6F40-4B1D-A340-08AD52F90659}.Release|iPhoneSimulator.ActiveCfg = Release|Any CPU
		{0AFA3AC8-6F40-4B1D-A340-08AD52F90659}.Release|iPhoneSimulator.Build.0 = Release|Any CPU
		{0AFA3AC8-6F40-4B1D-A340-08AD52F90659}.Release|iPhoneSimulator.Deploy.0 = Release|Any CPU
		{0AFA3AC8-6F40-4B1D-A340-08AD52F90659}.Release|x64.ActiveCfg = Release|Any CPU
		{0AFA3AC8-6F40-4B1D-A340-08AD52F90659}.Release|x64.Build.0 = Release|Any CPU
		{0AFA3AC8-6F40-4B1D-A340-08AD52F90659}.Release|x64.Deploy.0 = Release|Any CPU
		{0AFA3AC8-6F40-4B1D-A340-08AD52F90659}.Release|x86.ActiveCfg = Release|Any CPU
		{0AFA3AC8-6F40-4B1D-A340-08AD52F90659}.Release|x86.Build.0 = Release|Any CPU
		{0AFA3AC8-6F40-4B1D-A340-08AD52F90659}.Release|x86.Deploy.0 = Release|Any CPU
		{1673C194-B80F-42A9-BE1A-90F4D207007E}.Debug|Any CPU.ActiveCfg = Debug|iPhone
		{1673C194-B80F-42A9-BE1A-90F4D207007E}.Debug|ARM.ActiveCfg = Debug|iPhone
		{1673C194-B80F-42A9-BE1A-90F4D207007E}.Debug|iPhone.ActiveCfg = Debug|iPhone
		{1673C194-B80F-42A9-BE1A-90F4D207007E}.Debug|iPhone.Build.0 = Debug|iPhone
		{1673C194-B80F-42A9-BE1A-90F4D207007E}.Debug|iPhoneSimulator.ActiveCfg = Debug|iPhoneSimulator
		{1673C194-B80F-42A9-BE1A-90F4D207007E}.Debug|iPhoneSimulator.Build.0 = Debug|iPhoneSimulator
		{1673C194-B80F-42A9-BE1A-90F4D207007E}.Debug|x64.ActiveCfg = Debug|iPhone
		{1673C194-B80F-42A9-BE1A-90F4D207007E}.Debug|x86.ActiveCfg = Debug|iPhone
		{1673C194-B80F-42A9-BE1A-90F4D207007E}.Release|Any CPU.ActiveCfg = Release|iPhone
		{1673C194-B80F-42A9-BE1A-90F4D207007E}.Release|ARM.ActiveCfg = Release|iPhone
		{1673C194-B80F-42A9-BE1A-90F4D207007E}.Release|iPhone.ActiveCfg = Release|iPhone
		{1673C194-B80F-42A9-BE1A-90F4D207007E}.Release|iPhone.Build.0 = Release|iPhone
		{1673C194-B80F-42A9-BE1A-90F4D207007E}.Release|iPhoneSimulator.ActiveCfg = Release|iPhoneSimulator
		{1673C194-B80F-42A9-BE1A-90F4D207007E}.Release|iPhoneSimulator.Build.0 = Release|iPhoneSimulator
		{1673C194-B80F-42A9-BE1A-90F4D207007E}.Release|x64.ActiveCfg = Release|iPhone
		{1673C194-B80F-42A9-BE1A-90F4D207007E}.Release|x86.ActiveCfg = Release|iPhone
		{76CF8F89-3F4E-4396-B760-D8A200C14BAD}.Debug|Any CPU.ActiveCfg = Debug|x86
		{76CF8F89-3F4E-4396-B760-D8A200C14BAD}.Debug|ARM.ActiveCfg = Debug|ARM
		{76CF8F89-3F4E-4396-B760-D8A200C14BAD}.Debug|ARM.Build.0 = Debug|ARM
		{76CF8F89-3F4E-4396-B760-D8A200C14BAD}.Debug|ARM.Deploy.0 = Debug|ARM
		{76CF8F89-3F4E-4396-B760-D8A200C14BAD}.Debug|iPhone.ActiveCfg = Debug|x86
		{76CF8F89-3F4E-4396-B760-D8A200C14BAD}.Debug|iPhoneSimulator.ActiveCfg = Debug|x86
		{76CF8F89-3F4E-4396-B760-D8A200C14BAD}.Debug|x64.ActiveCfg = Debug|x64
		{76CF8F89-3F4E-4396-B760-D8A200C14BAD}.Debug|x64.Build.0 = Debug|x64
		{76CF8F89-3F4E-4396-B760-D8A200C14BAD}.Debug|x64.Deploy.0 = Debug|x64
		{76CF8F89-3F4E-4396-B760-D8A200C14BAD}.Debug|x86.ActiveCfg = Debug|x86
		{76CF8F89-3F4E-4396-B760-D8A200C14BAD}.Debug|x86.Build.0 = Debug|x86
		{76CF8F89-3F4E-4396-B760-D8A200C14BAD}.Debug|x86.Deploy.0 = Debug|x86
		{76CF8F89-3F4E-4396-B760-D8A200C14BAD}.Release|Any CPU.ActiveCfg = Release|x86
		{76CF8F89-3F4E-4396-B760-D8A200C14BAD}.Release|ARM.ActiveCfg = Release|ARM
		{76CF8F89-3F4E-4396-B760-D8A200C14BAD}.Release|ARM.Build.0 = Release|ARM
		{76CF8F89-3F4E-4396-B760-D8A200C14BAD}.Release|ARM.Deploy.0 = Release|ARM
		{76CF8F89-3F4E-4396-B760-D8A200C14BAD}.Release|iPhone.ActiveCfg = Release|x86
		{76CF8F89-3F4E-4396-B760-D8A200C14BAD}.Release|iPhoneSimulator.ActiveCfg = Release|x86
		{76CF8F89-3F4E-4396-B760-D8A200C14BAD}.Release|x64.ActiveCfg = Release|x64
		{76CF8F89-3F4E-4396-B760-D8A200C14BAD}.Release|x64.Build.0 = Release|x64
		{76CF8F89-3F4E-4396-B760-D8A200C14BAD}.Release|x64.Deploy.0 = Release|x64
		{76CF8F89-3F4E-4396-B760-D8A200C14BAD}.Release|x86.ActiveCfg = Release|x86
		{76CF8F89-3F4E-4396-B760-D8A200C14BAD}.Release|x86.Build.0 = Release|x86
		{76CF8F89-3F4E-4396-B760-D8A200C14BAD}.Release|x86.Deploy.0 = Release|x86
		{71134BF0-51E8-440D-8E2A-329DD05E9097}.Debug|Any CPU.ActiveCfg = Debug|Any CPU
		{71134BF0-51E8-440D-8E2A-329DD05E9097}.Debug|Any CPU.Build.0 = Debug|Any CPU
		{71134BF0-51E8-440D-8E2A-329DD05E9097}.Debug|Any CPU.Deploy.0 = Debug|Any CPU
		{71134BF0-51E8-440D-8E2A-329DD05E9097}.Debug|ARM.ActiveCfg = Debug|Any CPU
		{71134BF0-51E8-440D-8E2A-329DD05E9097}.Debug|ARM.Build.0 = Debug|Any CPU
		{71134BF0-51E8-440D-8E2A-329DD05E9097}.Debug|ARM.Deploy.0 = Debug|Any CPU
		{71134BF0-51E8-440D-8E2A-329DD05E9097}.Debug|iPhone.ActiveCfg = Debug|Any CPU
		{71134BF0-51E8-440D-8E2A-329DD05E9097}.Debug|iPhone.Build.0 = Debug|Any CPU
		{71134BF0-51E8-440D-8E2A-329DD05E9097}.Debug|iPhone.Deploy.0 = Debug|Any CPU
		{71134BF0-51E8-440D-8E2A-329DD05E9097}.Debug|iPhoneSimulator.ActiveCfg = Debug|Any CPU
		{71134BF0-51E8-440D-8E2A-329DD05E9097}.Debug|iPhoneSimulator.Build.0 = Debug|Any CPU
		{71134BF0-51E8-440D-8E2A-329DD05E9097}.Debug|iPhoneSimulator.Deploy.0 = Debug|Any CPU
		{71134BF0-51E8-440D-8E2A-329DD05E9097}.Debug|x64.ActiveCfg = Debug|Any CPU
		{71134BF0-51E8-440D-8E2A-329DD05E9097}.Debug|x64.Build.0 = Debug|Any CPU
		{71134BF0-51E8-440D-8E2A-329DD05E9097}.Debug|x64.Deploy.0 = Debug|Any CPU
		{71134BF0-51E8-440D-8E2A-329DD05E9097}.Debug|x86.ActiveCfg = Debug|Any CPU
		{71134BF0-51E8-440D-8E2A-329DD05E9097}.Debug|x86.Build.0 = Debug|Any CPU
		{71134BF0-51E8-440D-8E2A-329DD05E9097}.Debug|x86.Deploy.0 = Debug|Any CPU
		{71134BF0-51E8-440D-8E2A-329DD05E9097}.Release|Any CPU.ActiveCfg = Release|Any CPU
		{71134BF0-51E8-440D-8E2A-329DD05E9097}.Release|Any CPU.Build.0 = Release|Any CPU
		{71134BF0-51E8-440D-8E2A-329DD05E9097}.Release|Any CPU.Deploy.0 = Release|Any CPU
		{71134BF0-51E8-440D-8E2A-329DD05E9097}.Release|ARM.ActiveCfg = Release|Any CPU
		{71134BF0-51E8-440D-8E2A-329DD05E9097}.Release|ARM.Build.0 = Release|Any CPU
		{71134BF0-51E8-440D-8E2A-329DD05E9097}.Release|ARM.Deploy.0 = Release|Any CPU
		{71134BF0-51E8-440D-8E2A-329DD05E9097}.Release|iPhone.ActiveCfg = Release|Any CPU
		{71134BF0-51E8-440D-8E2A-329DD05E9097}.Release|iPhone.Build.0 = Release|Any CPU
		{71134BF0-51E8-440D-8E2A-329DD05E9097}.Release|iPhone.Deploy.0 = Release|Any CPU
		{71134BF0-51E8-440D-8E2A-329DD05E9097}.Release|iPhoneSimulator.ActiveCfg = Release|Any CPU
		{71134BF0-51E8-440D-8E2A-329DD05E9097}.Release|iPhoneSimulator.Build.0 = Release|Any CPU
		{71134BF0-51E8-440D-8E2A-329DD05E9097}.Release|iPhoneSimulator.Deploy.0 = Release|Any CPU
		{71134BF0-51E8-440D-8E2A-329DD05E9097}.Release|x64.ActiveCfg = Release|Any CPU
		{71134BF0-51E8-440D-8E2A-329DD05E9097}.Release|x64.Build.0 = Release|Any CPU
		{71134BF0-51E8-440D-8E2A-329DD05E9097}.Release|x64.Deploy.0 = Release|Any CPU
		{71134BF0-51E8-440D-8E2A-329DD05E9097}.Release|x86.ActiveCfg = Release|Any CPU
		{71134BF0-51E8-440D-8E2A-329DD05E9097}.Release|x86.Build.0 = Release|Any CPU
		{71134BF0-51E8-440D-8E2A-329DD05E9097}.Release|x86.Deploy.0 = Release|Any CPU
		{801C031D-18F9-4430-A0AA-73A48E571295}.Debug|Any CPU.ActiveCfg = Debug|Any CPU
		{801C031D-18F9-4430-A0AA-73A48E571295}.Debug|Any CPU.Build.0 = Debug|Any CPU
		{801C031D-18F9-4430-A0AA-73A48E571295}.Debug|ARM.ActiveCfg = Debug|Any CPU
		{801C031D-18F9-4430-A0AA-73A48E571295}.Debug|ARM.Build.0 = Debug|Any CPU
		{801C031D-18F9-4430-A0AA-73A48E571295}.Debug|iPhone.ActiveCfg = Debug|iPhone
		{801C031D-18F9-4430-A0AA-73A48E571295}.Debug|iPhone.Build.0 = Debug|iPhone
		{801C031D-18F9-4430-A0AA-73A48E571295}.Debug|iPhoneSimulator.ActiveCfg = Debug|iPhoneSimulator
		{801C031D-18F9-4430-A0AA-73A48E571295}.Debug|iPhoneSimulator.Build.0 = Debug|iPhoneSimulator
		{801C031D-18F9-4430-A0AA-73A48E571295}.Debug|x64.ActiveCfg = Debug|Any CPU
		{801C031D-18F9-4430-A0AA-73A48E571295}.Debug|x64.Build.0 = Debug|Any CPU
		{801C031D-18F9-4430-A0AA-73A48E571295}.Debug|x86.ActiveCfg = Debug|Any CPU
		{801C031D-18F9-4430-A0AA-73A48E571295}.Debug|x86.Build.0 = Debug|Any CPU
		{801C031D-18F9-4430-A0AA-73A48E571295}.Release|Any CPU.ActiveCfg = Release|Any CPU
		{801C031D-18F9-4430-A0AA-73A48E571295}.Release|Any CPU.Build.0 = Release|Any CPU
		{801C031D-18F9-4430-A0AA-73A48E571295}.Release|ARM.ActiveCfg = Release|Any CPU
		{801C031D-18F9-4430-A0AA-73A48E571295}.Release|ARM.Build.0 = Release|Any CPU
		{801C031D-18F9-4430-A0AA-73A48E571295}.Release|iPhone.ActiveCfg = Release|iPhone
		{801C031D-18F9-4430-A0AA-73A48E571295}.Release|iPhone.Build.0 = Release|iPhone
		{801C031D-18F9-4430-A0AA-73A48E571295}.Release|iPhoneSimulator.ActiveCfg = Release|iPhoneSimulator
		{801C031D-18F9-4430-A0AA-73A48E571295}.Release|iPhoneSimulator.Build.0 = Release|iPhoneSimulator
		{801C031D-18F9-4430-A0AA-73A48E571295}.Release|x64.ActiveCfg = Release|Any CPU
		{801C031D-18F9-4430-A0AA-73A48E571295}.Release|x64.Build.0 = Release|Any CPU
		{801C031D-18F9-4430-A0AA-73A48E571295}.Release|x86.ActiveCfg = Release|Any CPU
		{801C031D-18F9-4430-A0AA-73A48E571295}.Release|x86.Build.0 = Release|Any CPU
		{0E75EF27-2B13-408A-BACB-C8BC2CC81219}.Debug|Any CPU.ActiveCfg = Debug|x86
		{0E75EF27-2B13-408A-BACB-C8BC2CC81219}.Debug|ARM.ActiveCfg = Debug|ARM
		{0E75EF27-2B13-408A-BACB-C8BC2CC81219}.Debug|ARM.Build.0 = Debug|ARM
		{0E75EF27-2B13-408A-BACB-C8BC2CC81219}.Debug|ARM.Deploy.0 = Debug|ARM
		{0E75EF27-2B13-408A-BACB-C8BC2CC81219}.Debug|iPhone.ActiveCfg = Debug|x86
		{0E75EF27-2B13-408A-BACB-C8BC2CC81219}.Debug|iPhoneSimulator.ActiveCfg = Debug|x86
		{0E75EF27-2B13-408A-BACB-C8BC2CC81219}.Debug|x64.ActiveCfg = Debug|x64
		{0E75EF27-2B13-408A-BACB-C8BC2CC81219}.Debug|x64.Build.0 = Debug|x64
		{0E75EF27-2B13-408A-BACB-C8BC2CC81219}.Debug|x64.Deploy.0 = Debug|x64
		{0E75EF27-2B13-408A-BACB-C8BC2CC81219}.Debug|x86.ActiveCfg = Debug|x86
		{0E75EF27-2B13-408A-BACB-C8BC2CC81219}.Debug|x86.Build.0 = Debug|x86
		{0E75EF27-2B13-408A-BACB-C8BC2CC81219}.Debug|x86.Deploy.0 = Debug|x86
		{0E75EF27-2B13-408A-BACB-C8BC2CC81219}.Release|Any CPU.ActiveCfg = Release|x86
		{0E75EF27-2B13-408A-BACB-C8BC2CC81219}.Release|ARM.ActiveCfg = Release|ARM
		{0E75EF27-2B13-408A-BACB-C8BC2CC81219}.Release|ARM.Build.0 = Release|ARM
		{0E75EF27-2B13-408A-BACB-C8BC2CC81219}.Release|ARM.Deploy.0 = Release|ARM
		{0E75EF27-2B13-408A-BACB-C8BC2CC81219}.Release|iPhone.ActiveCfg = Release|x86
		{0E75EF27-2B13-408A-BACB-C8BC2CC81219}.Release|iPhoneSimulator.ActiveCfg = Release|x86
		{0E75EF27-2B13-408A-BACB-C8BC2CC81219}.Release|x64.ActiveCfg = Release|x64
		{0E75EF27-2B13-408A-BACB-C8BC2CC81219}.Release|x64.Build.0 = Release|x64
		{0E75EF27-2B13-408A-BACB-C8BC2CC81219}.Release|x64.Deploy.0 = Release|x64
		{0E75EF27-2B13-408A-BACB-C8BC2CC81219}.Release|x86.ActiveCfg = Release|x86
		{0E75EF27-2B13-408A-BACB-C8BC2CC81219}.Release|x86.Build.0 = Release|x86
		{0E75EF27-2B13-408A-BACB-C8BC2CC81219}.Release|x86.Deploy.0 = Release|x86
	EndGlobalSection
	GlobalSection(SolutionProperties) = preSolution
		HideSolutionNode = FALSE
	EndGlobalSection
	GlobalSection(NestedProjects) = preSolution
		{68900E09-083F-4F3C-8B35-1332FF9DE079} = {75B53164-61D9-4C87-ABFE-E8A20039AF3F}
		{71134BF0-51E8-440D-8E2A-329DD05E9097} = {75B53164-61D9-4C87-ABFE-E8A20039AF3F}
		{801C031D-18F9-4430-A0AA-73A48E571295} = {75B53164-61D9-4C87-ABFE-E8A20039AF3F}
		{0E75EF27-2B13-408A-BACB-C8BC2CC81219} = {75B53164-61D9-4C87-ABFE-E8A20039AF3F}
	EndGlobalSection
EndGlobal
